{
  "name": "willow-chapter-4",
  "version": "1.0.0",
  "lockfileVersion": 2,
  "requires": true,
  "packages": {
    "": {
      "name": "willow-chapter-4",
      "version": "1.0.0",
      "license": "ISC",
      "dependencies": {
        "rword": "^3.2.0"
      }
    },
    "node_modules/rword": {
      "version": "3.2.0",
      "resolved": "https://registry.npmjs.org/rword/-/rword-3.2.0.tgz",
      "integrity": "sha512-xiILth3F87txuixWxRo0YYVzuE14UlPZM3l9xaBLNT5BbSwoNDalna6RUKEgbAUbpCFjlLAzYf0DL/7TiVifIQ=="
    }
  },
  "dependencies": {
    "rword": {
      "version": "3.2.0",
      "resolved": "https://registry.npmjs.org/rword/-/rword-3.2.0.tgz",
      "integrity": "sha512-xiILth3F87txuixWxRo0YYVzuE14UlPZM3l9xaBLNT5BbSwoNDalna6RUKEgbAUbpCFjlLAzYf0DL/7TiVifIQ=="
    }
  }
}
